// !$*UTF8*$!
{
	archiveVersion = 1;
	classes = {
	};
	objectVersion = 56;
	objects = {

/* Begin PBXBuildFile section */
		3202A2FA2AAEA13B002078B0 /* Service.swift in Sources */ = {isa = PBXBuildFile; fileRef = 3202A2F92AAEA13B002078B0 /* Service.swift */; };
		3202A2FD2AAEA2D9002078B0 /* Repository.swift in Sources */ = {isa = PBXBuildFile; fileRef = 3202A2FC2AAEA2D9002078B0 /* Repository.swift */; };
		3202A2FF2AAEBD0C002078B0 /* AccessTokenResponseModel.swift in Sources */ = {isa = PBXBuildFile; fileRef = 3202A2FE2AAEBD0C002078B0 /* AccessTokenResponseModel.swift */; };
		3247DAB12AAED56800D181B4 /* SnapKit in Frameworks */ = {isa = PBXBuildFile; productRef = 3247DAB02AAED56800D181B4 /* SnapKit */; };
		3247DAB42AAED8EC00D181B4 /* UpdateViewModel.swift in Sources */ = {isa = PBXBuildFile; fileRef = 3247DAB32AAED8EC00D181B4 /* UpdateViewModel.swift */; };
		3286BC2C2AAFD6F2006BBD8A /* ApiKey.plist in Resources */ = {isa = PBXBuildFile; fileRef = 3286BC2B2AAFD6F2006BBD8A /* ApiKey.plist */; };
		3286BC2E2AAFDE6C006BBD8A /* PlistManager.swift in Sources */ = {isa = PBXBuildFile; fileRef = 3286BC2D2AAFDE6C006BBD8A /* PlistManager.swift */; };
		3298859B2AA1BB3C008E6001 /* AppDelegate.swift in Sources */ = {isa = PBXBuildFile; fileRef = 3298859A2AA1BB3C008E6001 /* AppDelegate.swift */; };
		3298859D2AA1BB3C008E6001 /* SceneDelegate.swift in Sources */ = {isa = PBXBuildFile; fileRef = 3298859C2AA1BB3C008E6001 /* SceneDelegate.swift */; };
		3298859F2AA1BB3C008E6001 /* ViewController.swift in Sources */ = {isa = PBXBuildFile; fileRef = 3298859E2AA1BB3C008E6001 /* ViewController.swift */; };
		329885A42AA1BB3D008E6001 /* Assets.xcassets in Resources */ = {isa = PBXBuildFile; fileRef = 329885A32AA1BB3D008E6001 /* Assets.xcassets */; };
		329885A72AA1BB3D008E6001 /* LaunchScreen.storyboard in Resources */ = {isa = PBXBuildFile; fileRef = 329885A52AA1BB3D008E6001 /* LaunchScreen.storyboard */; };
		329885B52AA1BD6E008E6001 /* DeviceType.swift in Sources */ = {isa = PBXBuildFile; fileRef = 329885B22AA1BD6E008E6001 /* DeviceType.swift */; };
		329885B62AA1BD6E008E6001 /* UIViewPreview.swift in Sources */ = {isa = PBXBuildFile; fileRef = 329885B32AA1BD6E008E6001 /* UIViewPreview.swift */; };
		329885B72AA1BD6E008E6001 /* Extension+UIViewController.swift in Sources */ = {isa = PBXBuildFile; fileRef = 329885B42AA1BD6E008E6001 /* Extension+UIViewController.swift */; };
		329885BD2AA1C0CC008E6001 /* TabbarItem.swift in Sources */ = {isa = PBXBuildFile; fileRef = 329885BC2AA1C0CC008E6001 /* TabbarItem.swift */; };
		32A972D02AB12EE90010BB97 /* Coordinator.swift in Sources */ = {isa = PBXBuildFile; fileRef = 32A972CF2AB12EE90010BB97 /* Coordinator.swift */; };
		32A972D32AB12F450010BB97 /* MainTabbarCoordinator.swift in Sources */ = {isa = PBXBuildFile; fileRef = 32A972D22AB12F450010BB97 /* MainTabbarCoordinator.swift */; };
		32A972D52AB1303A0010BB97 /* HomeTabCoordinator.swift in Sources */ = {isa = PBXBuildFile; fileRef = 32A972D42AB1303A0010BB97 /* HomeTabCoordinator.swift */; };
		32A972D72AB130D00010BB97 /* HomeViewController.swift in Sources */ = {isa = PBXBuildFile; fileRef = 32A972D62AB130D00010BB97 /* HomeViewController.swift */; };
		32EA97AD2AB13C83002F9116 /* UpdateViewController.swift in Sources */ = {isa = PBXBuildFile; fileRef = 32EA97AC2AB13C83002F9116 /* UpdateViewController.swift */; };
		32EA97AF2AB143D3002F9116 /* UserDefaultsManager.swift in Sources */ = {isa = PBXBuildFile; fileRef = 32EA97AE2AB143D3002F9116 /* UserDefaultsManager.swift */; };
		32EA97B12AB167AA002F9116 /* AccessTokenModel.swift in Sources */ = {isa = PBXBuildFile; fileRef = 32EA97B02AB167AA002F9116 /* AccessTokenModel.swift */; };
		32EA97B42AB1749A002F9116 /* MainCoordinator.swift in Sources */ = {isa = PBXBuildFile; fileRef = 32EA97B32AB1749A002F9116 /* MainCoordinator.swift */; };
/* End PBXBuildFile section */

/* Begin PBXFileReference section */
		3202A2F92AAEA13B002078B0 /* Service.swift */ = {isa = PBXFileReference; lastKnownFileType = sourcecode.swift; path = Service.swift; sourceTree = "<group>"; };
		3202A2FC2AAEA2D9002078B0 /* Repository.swift */ = {isa = PBXFileReference; lastKnownFileType = sourcecode.swift; path = Repository.swift; sourceTree = "<group>"; };
		3202A2FE2AAEBD0C002078B0 /* AccessTokenResponseModel.swift */ = {isa = PBXFileReference; lastKnownFileType = sourcecode.swift; path = AccessTokenResponseModel.swift; sourceTree = "<group>"; };
		3247DAB32AAED8EC00D181B4 /* UpdateViewModel.swift */ = {isa = PBXFileReference; lastKnownFileType = sourcecode.swift; path = UpdateViewModel.swift; sourceTree = "<group>"; };
		3286BC2B2AAFD6F2006BBD8A /* ApiKey.plist */ = {isa = PBXFileReference; lastKnownFileType = text.plist.xml; path = ApiKey.plist; sourceTree = "<group>"; };
		3286BC2D2AAFDE6C006BBD8A /* PlistManager.swift */ = {isa = PBXFileReference; lastKnownFileType = sourcecode.swift; path = PlistManager.swift; sourceTree = "<group>"; };
		329885972AA1BB3C008E6001 /* KISMTSApp.app */ = {isa = PBXFileReference; explicitFileType = wrapper.application; includeInIndex = 0; path = KISMTSApp.app; sourceTree = BUILT_PRODUCTS_DIR; };
		3298859A2AA1BB3C008E6001 /* AppDelegate.swift */ = {isa = PBXFileReference; lastKnownFileType = sourcecode.swift; path = AppDelegate.swift; sourceTree = "<group>"; };
		3298859C2AA1BB3C008E6001 /* SceneDelegate.swift */ = {isa = PBXFileReference; lastKnownFileType = sourcecode.swift; path = SceneDelegate.swift; sourceTree = "<group>"; };
		3298859E2AA1BB3C008E6001 /* ViewController.swift */ = {isa = PBXFileReference; lastKnownFileType = sourcecode.swift; path = ViewController.swift; sourceTree = "<group>"; };
		329885A32AA1BB3D008E6001 /* Assets.xcassets */ = {isa = PBXFileReference; lastKnownFileType = folder.assetcatalog; path = Assets.xcassets; sourceTree = "<group>"; };
		329885A62AA1BB3D008E6001 /* Base */ = {isa = PBXFileReference; lastKnownFileType = file.storyboard; name = Base; path = Base.lproj/LaunchScreen.storyboard; sourceTree = "<group>"; };
		329885A82AA1BB3D008E6001 /* Info.plist */ = {isa = PBXFileReference; lastKnownFileType = text.plist.xml; path = Info.plist; sourceTree = "<group>"; };
		329885B22AA1BD6E008E6001 /* DeviceType.swift */ = {isa = PBXFileReference; fileEncoding = 4; lastKnownFileType = sourcecode.swift; path = DeviceType.swift; sourceTree = "<group>"; };
		329885B32AA1BD6E008E6001 /* UIViewPreview.swift */ = {isa = PBXFileReference; fileEncoding = 4; lastKnownFileType = sourcecode.swift; path = UIViewPreview.swift; sourceTree = "<group>"; };
		329885B42AA1BD6E008E6001 /* Extension+UIViewController.swift */ = {isa = PBXFileReference; fileEncoding = 4; lastKnownFileType = sourcecode.swift; path = "Extension+UIViewController.swift"; sourceTree = "<group>"; };
		329885BC2AA1C0CC008E6001 /* TabbarItem.swift */ = {isa = PBXFileReference; lastKnownFileType = sourcecode.swift; path = TabbarItem.swift; sourceTree = "<group>"; };
		32A972CF2AB12EE90010BB97 /* Coordinator.swift */ = {isa = PBXFileReference; lastKnownFileType = sourcecode.swift; path = Coordinator.swift; sourceTree = "<group>"; };
		32A972D22AB12F450010BB97 /* MainTabbarCoordinator.swift */ = {isa = PBXFileReference; lastKnownFileType = sourcecode.swift; path = MainTabbarCoordinator.swift; sourceTree = "<group>"; };
		32A972D42AB1303A0010BB97 /* HomeTabCoordinator.swift */ = {isa = PBXFileReference; lastKnownFileType = sourcecode.swift; path = HomeTabCoordinator.swift; sourceTree = "<group>"; };
		32A972D62AB130D00010BB97 /* HomeViewController.swift */ = {isa = PBXFileReference; lastKnownFileType = sourcecode.swift; path = HomeViewController.swift; sourceTree = "<group>"; };
		32EA97AC2AB13C83002F9116 /* UpdateViewController.swift */ = {isa = PBXFileReference; lastKnownFileType = sourcecode.swift; path = UpdateViewController.swift; sourceTree = "<group>"; };
		32EA97AE2AB143D3002F9116 /* UserDefaultsManager.swift */ = {isa = PBXFileReference; lastKnownFileType = sourcecode.swift; path = UserDefaultsManager.swift; sourceTree = "<group>"; };
		32EA97B02AB167AA002F9116 /* AccessTokenModel.swift */ = {isa = PBXFileReference; lastKnownFileType = sourcecode.swift; path = AccessTokenModel.swift; sourceTree = "<group>"; };
		32EA97B32AB1749A002F9116 /* MainCoordinator.swift */ = {isa = PBXFileReference; lastKnownFileType = sourcecode.swift; path = MainCoordinator.swift; sourceTree = "<group>"; };
/* End PBXFileReference section */

/* Begin PBXFrameworksBuildPhase section */
		329885942AA1BB3C008E6001 /* Frameworks */ = {
			isa = PBXFrameworksBuildPhase;
			buildActionMask = 2147483647;
			files = (
				3247DAB12AAED56800D181B4 /* SnapKit in Frameworks */,
			);
			runOnlyForDeploymentPostprocessing = 0;
		};
/* End PBXFrameworksBuildPhase section */

/* Begin PBXGroup section */
		3202A2FB2AAEA2C9002078B0 /* Service */ = {
			isa = PBXGroup;
			children = (
				3202A2F92AAEA13B002078B0 /* Service.swift */,
			);
			path = Service;
			sourceTree = "<group>";
		};
		3247DAB22AAED81300D181B4 /* Entity */ = {
			isa = PBXGroup;
			children = (
				3202A2FE2AAEBD0C002078B0 /* AccessTokenResponseModel.swift */,
			);
			path = Entity;
			sourceTree = "<group>";
		};
		3247DAB52AAEDCEB00D181B4 /* Repository */ = {
			isa = PBXGroup;
			children = (
				3202A2FC2AAEA2D9002078B0 /* Repository.swift */,
			);
			path = Repository;
			sourceTree = "<group>";
		};
		3247DAB62AAEFC8400D181B4 /* ViewModel */ = {
			isa = PBXGroup;
			children = (
				3247DAB32AAED8EC00D181B4 /* UpdateViewModel.swift */,
			);
			path = ViewModel;
			sourceTree = "<group>";
		};
		3286BC2F2AAFE4F1006BBD8A /* Manager */ = {
			isa = PBXGroup;
			children = (
				3286BC2D2AAFDE6C006BBD8A /* PlistManager.swift */,
				32EA97AE2AB143D3002F9116 /* UserDefaultsManager.swift */,
			);
			path = Manager;
			sourceTree = "<group>";
		};
		3298858E2AA1BB3C008E6001 = {
			isa = PBXGroup;
			children = (
				329885992AA1BB3C008E6001 /* KISMTSApp */,
				329885982AA1BB3C008E6001 /* Products */,
			);
			sourceTree = "<group>";
		};
		329885982AA1BB3C008E6001 /* Products */ = {
			isa = PBXGroup;
			children = (
				329885972AA1BB3C008E6001 /* KISMTSApp.app */,
			);
			name = Products;
			sourceTree = "<group>";
		};
		329885992AA1BB3C008E6001 /* KISMTSApp */ = {
			isa = PBXGroup;
			children = (
				329885AE2AA1BD0C008E6001 /* Delegate */,
				329885AF2AA1BD34008E6001 /* Scene */,
				329885A32AA1BB3D008E6001 /* Assets.xcassets */,
				329885A52AA1BB3D008E6001 /* LaunchScreen.storyboard */,
				329885A82AA1BB3D008E6001 /* Info.plist */,
				329885B82AA1BD74008E6001 /* Tool */,
				3247DAB22AAED81300D181B4 /* Entity */,
				3286BC2B2AAFD6F2006BBD8A /* ApiKey.plist */,
				32EA97B22AB167B4002F9116 /* Model */,
			);
			path = KISMTSApp;
			sourceTree = "<group>";
		};
		329885AE2AA1BD0C008E6001 /* Delegate */ = {
			isa = PBXGroup;
			children = (
				3298859A2AA1BB3C008E6001 /* AppDelegate.swift */,
				3298859C2AA1BB3C008E6001 /* SceneDelegate.swift */,
			);
			path = Delegate;
			sourceTree = "<group>";
		};
		329885AF2AA1BD34008E6001 /* Scene */ = {
			isa = PBXGroup;
			children = (
				3298859E2AA1BB3C008E6001 /* ViewController.swift */,
				329885BC2AA1C0CC008E6001 /* TabbarItem.swift */,
				32A972D62AB130D00010BB97 /* HomeViewController.swift */,
				32EA97AC2AB13C83002F9116 /* UpdateViewController.swift */,
			);
			path = Scene;
			sourceTree = "<group>";
		};
		329885B82AA1BD74008E6001 /* Tool */ = {
			isa = PBXGroup;
			children = (
				3247DAB62AAEFC8400D181B4 /* ViewModel */,
				329885B92AA1BD80008E6001 /* Preview */,
				3202A2FB2AAEA2C9002078B0 /* Service */,
				3247DAB52AAEDCEB00D181B4 /* Repository */,
				3286BC2F2AAFE4F1006BBD8A /* Manager */,
				32A972D12AB12F350010BB97 /* Coordinator */,
			);
			path = Tool;
			sourceTree = "<group>";
		};
		329885B92AA1BD80008E6001 /* Preview */ = {
			isa = PBXGroup;
			children = (
				329885B22AA1BD6E008E6001 /* DeviceType.swift */,
				329885B42AA1BD6E008E6001 /* Extension+UIViewController.swift */,
				329885B32AA1BD6E008E6001 /* UIViewPreview.swift */,
			);
			path = Preview;
			sourceTree = "<group>";
		};
		32A972D12AB12F350010BB97 /* Coordinator */ = {
			isa = PBXGroup;
			children = (
				32A972CF2AB12EE90010BB97 /* Coordinator.swift */,
				32A972D22AB12F450010BB97 /* MainTabbarCoordinator.swift */,
				32A972D42AB1303A0010BB97 /* HomeTabCoordinator.swift */,
				32EA97B32AB1749A002F9116 /* MainCoordinator.swift */,
			);
			path = Coordinator;
			sourceTree = "<group>";
		};
		32EA97B22AB167B4002F9116 /* Model */ = {
			isa = PBXGroup;
			children = (
				32EA97B02AB167AA002F9116 /* AccessTokenModel.swift */,
			);
			path = Model;
			sourceTree = "<group>";
		};
/* End PBXGroup section */

/* Begin PBXNativeTarget section */
		329885962AA1BB3C008E6001 /* KISMTSApp */ = {
			isa = PBXNativeTarget;
			buildConfigurationList = 329885AB2AA1BB3D008E6001 /* Build configuration list for PBXNativeTarget "KISMTSApp" */;
			buildPhases = (
				329885932AA1BB3C008E6001 /* Sources */,
				329885942AA1BB3C008E6001 /* Frameworks */,
				329885952AA1BB3C008E6001 /* Resources */,
			);
			buildRules = (
			);
			dependencies = (
			);
			name = KISMTSApp;
			packageProductDependencies = (
				3247DAB02AAED56800D181B4 /* SnapKit */,
			);
			productName = KISMTSApp;
			productReference = 329885972AA1BB3C008E6001 /* KISMTSApp.app */;
			productType = "com.apple.product-type.application";
		};
/* End PBXNativeTarget section */

/* Begin PBXProject section */
		3298858F2AA1BB3C008E6001 /* Project object */ = {
			isa = PBXProject;
			attributes = {
				BuildIndependentTargetsInParallel = 1;
				LastSwiftUpdateCheck = 1430;
				LastUpgradeCheck = 1430;
				TargetAttributes = {
					329885962AA1BB3C008E6001 = {
						CreatedOnToolsVersion = 14.3.1;
					};
				};
			};
			buildConfigurationList = 329885922AA1BB3C008E6001 /* Build configuration list for PBXProject "KISMTSApp" */;
			compatibilityVersion = "Xcode 14.0";
			developmentRegion = en;
			hasScannedForEncodings = 0;
			knownRegions = (
				en,
				Base,
			);
			mainGroup = 3298858E2AA1BB3C008E6001;
			packageReferences = (
				3247DAAF2AAED56800D181B4 /* XCRemoteSwiftPackageReference "SnapKit" */,
			);
			productRefGroup = 329885982AA1BB3C008E6001 /* Products */;
			projectDirPath = "";
			projectRoot = "";
			targets = (
				329885962AA1BB3C008E6001 /* KISMTSApp */,
			);
		};
/* End PBXProject section */

/* Begin PBXResourcesBuildPhase section */
		329885952AA1BB3C008E6001 /* Resources */ = {
			isa = PBXResourcesBuildPhase;
			buildActionMask = 2147483647;
			files = (
				3286BC2C2AAFD6F2006BBD8A /* ApiKey.plist in Resources */,
				329885A72AA1BB3D008E6001 /* LaunchScreen.storyboard in Resources */,
				329885A42AA1BB3D008E6001 /* Assets.xcassets in Resources */,
			);
			runOnlyForDeploymentPostprocessing = 0;
		};
/* End PBXResourcesBuildPhase section */

/* Begin PBXSourcesBuildPhase section */
		329885932AA1BB3C008E6001 /* Sources */ = {
			isa = PBXSourcesBuildPhase;
			buildActionMask = 2147483647;
			files = (
				329885B62AA1BD6E008E6001 /* UIViewPreview.swift in Sources */,
				32EA97B12AB167AA002F9116 /* AccessTokenModel.swift in Sources */,
				3298859F2AA1BB3C008E6001 /* ViewController.swift in Sources */,
				3202A2FF2AAEBD0C002078B0 /* AccessTokenResponseModel.swift in Sources */,
				32A972D72AB130D00010BB97 /* HomeViewController.swift in Sources */,
				329885B72AA1BD6E008E6001 /* Extension+UIViewController.swift in Sources */,
				32EA97AD2AB13C83002F9116 /* UpdateViewController.swift in Sources */,
				329885B52AA1BD6E008E6001 /* DeviceType.swift in Sources */,
				32A972D02AB12EE90010BB97 /* Coordinator.swift in Sources */,
				32A972D52AB1303A0010BB97 /* HomeTabCoordinator.swift in Sources */,
				3202A2FA2AAEA13B002078B0 /* Service.swift in Sources */,
				3298859B2AA1BB3C008E6001 /* AppDelegate.swift in Sources */,
				3247DAB42AAED8EC00D181B4 /* UpdateViewModel.swift in Sources */,
				32EA97B42AB1749A002F9116 /* MainCoordinator.swift in Sources */,
				3202A2FD2AAEA2D9002078B0 /* Repository.swift in Sources */,
				329885BD2AA1C0CC008E6001 /* TabbarItem.swift in Sources */,
				32EA97AF2AB143D3002F9116 /* UserDefaultsManager.swift in Sources */,
				3298859D2AA1BB3C008E6001 /* SceneDelegate.swift in Sources */,
				32A972D32AB12F450010BB97 /* MainTabbarCoordinator.swift in Sources */,
				3286BC2E2AAFDE6C006BBD8A /* PlistManager.swift in Sources */,
			);
			runOnlyForDeploymentPostprocessing = 0;
		};
/* End PBXSourcesBuildPhase section */

/* Begin PBXVariantGroup section */
		329885A52AA1BB3D008E6001 /* LaunchScreen.storyboard */ = {
			isa = PBXVariantGroup;
			children = (
				329885A62AA1BB3D008E6001 /* Base */,
			);
			name = LaunchScreen.storyboard;
			sourceTree = "<group>";
		};
/* End PBXVariantGroup section */

/* Begin XCBuildConfiguration section */
		329885A92AA1BB3D008E6001 /* Debug */ = {
			isa = XCBuildConfiguration;
			buildSettings = {
				ALWAYS_SEARCH_USER_PATHS = NO;
				CLANG_ANALYZER_NONNULL = YES;
				CLANG_ANALYZER_NUMBER_OBJECT_CONVERSION = YES_AGGRESSIVE;
				CLANG_CXX_LANGUAGE_STANDARD = "gnu++20";
				CLANG_ENABLE_MODULES = YES;
				CLANG_ENABLE_OBJC_ARC = YES;
				CLANG_ENABLE_OBJC_WEAK = YES;
				CLANG_WARN_BLOCK_CAPTURE_AUTORELEASING = YES;
				CLANG_WARN_BOOL_CONVERSION = YES;
				CLANG_WARN_COMMA = YES;
				CLANG_WARN_CONSTANT_CONVERSION = YES;
				CLANG_WARN_DEPRECATED_OBJC_IMPLEMENTATIONS = YES;
				CLANG_WARN_DIRECT_OBJC_ISA_USAGE = YES_ERROR;
				CLANG_WARN_DOCUMENTATION_COMMENTS = YES;
				CLANG_WARN_EMPTY_BODY = YES;
				CLANG_WARN_ENUM_CONVERSION = YES;
				CLANG_WARN_INFINITE_RECURSION = YES;
				CLANG_WARN_INT_CONVERSION = YES;
				CLANG_WARN_NON_LITERAL_NULL_CONVERSION = YES;
				CLANG_WARN_OBJC_IMPLICIT_RETAIN_SELF = YES;
				CLANG_WARN_OBJC_LITERAL_CONVERSION = YES;
				CLANG_WARN_OBJC_ROOT_CLASS = YES_ERROR;
				CLANG_WARN_QUOTED_INCLUDE_IN_FRAMEWORK_HEADER = YES;
				CLANG_WARN_RANGE_LOOP_ANALYSIS = YES;
				CLANG_WARN_STRICT_PROTOTYPES = YES;
				CLANG_WARN_SUSPICIOUS_MOVE = YES;
				CLANG_WARN_UNGUARDED_AVAILABILITY = YES_AGGRESSIVE;
				CLANG_WARN_UNREACHABLE_CODE = YES;
				CLANG_WARN__DUPLICATE_METHOD_MATCH = YES;
				COPY_PHASE_STRIP = NO;
				DEBUG_INFORMATION_FORMAT = dwarf;
				ENABLE_STRICT_OBJC_MSGSEND = YES;
				ENABLE_TESTABILITY = YES;
				GCC_C_LANGUAGE_STANDARD = gnu11;
				GCC_DYNAMIC_NO_PIC = NO;
				GCC_NO_COMMON_BLOCKS = YES;
				GCC_OPTIMIZATION_LEVEL = 0;
				GCC_PREPROCESSOR_DEFINITIONS = (
					"DEBUG=1",
					"$(inherited)",
				);
				GCC_WARN_64_TO_32_BIT_CONVERSION = YES;
				GCC_WARN_ABOUT_RETURN_TYPE = YES_ERROR;
				GCC_WARN_UNDECLARED_SELECTOR = YES;
				GCC_WARN_UNINITIALIZED_AUTOS = YES_AGGRESSIVE;
				GCC_WARN_UNUSED_FUNCTION = YES;
				GCC_WARN_UNUSED_VARIABLE = YES;
				IPHONEOS_DEPLOYMENT_TARGET = 16.4;
				MTL_ENABLE_DEBUG_INFO = INCLUDE_SOURCE;
				MTL_FAST_MATH = YES;
				ONLY_ACTIVE_ARCH = YES;
				SDKROOT = iphoneos;
				SWIFT_ACTIVE_COMPILATION_CONDITIONS = DEBUG;
				SWIFT_OPTIMIZATION_LEVEL = "-Onone";
			};
			name = Debug;
		};
		329885AA2AA1BB3D008E6001 /* Release */ = {
			isa = XCBuildConfiguration;
			buildSettings = {
				ALWAYS_SEARCH_USER_PATHS = NO;
				CLANG_ANALYZER_NONNULL = YES;
				CLANG_ANALYZER_NUMBER_OBJECT_CONVERSION = YES_AGGRESSIVE;
				CLANG_CXX_LANGUAGE_STANDARD = "gnu++20";
				CLANG_ENABLE_MODULES = YES;
				CLANG_ENABLE_OBJC_ARC = YES;
				CLANG_ENABLE_OBJC_WEAK = YES;
				CLANG_WARN_BLOCK_CAPTURE_AUTORELEASING = YES;
				CLANG_WARN_BOOL_CONVERSION = YES;
				CLANG_WARN_COMMA = YES;
				CLANG_WARN_CONSTANT_CONVERSION = YES;
				CLANG_WARN_DEPRECATED_OBJC_IMPLEMENTATIONS = YES;
				CLANG_WARN_DIRECT_OBJC_ISA_USAGE = YES_ERROR;
				CLANG_WARN_DOCUMENTATION_COMMENTS = YES;
				CLANG_WARN_EMPTY_BODY = YES;
				CLANG_WARN_ENUM_CONVERSION = YES;
				CLANG_WARN_INFINITE_RECURSION = YES;
				CLANG_WARN_INT_CONVERSION = YES;
				CLANG_WARN_NON_LITERAL_NULL_CONVERSION = YES;
				CLANG_WARN_OBJC_IMPLICIT_RETAIN_SELF = YES;
				CLANG_WARN_OBJC_LITERAL_CONVERSION = YES;
				CLANG_WARN_OBJC_ROOT_CLASS = YES_ERROR;
				CLANG_WARN_QUOTED_INCLUDE_IN_FRAMEWORK_HEADER = YES;
				CLANG_WARN_RANGE_LOOP_ANALYSIS = YES;
				CLANG_WARN_STRICT_PROTOTYPES = YES;
				CLANG_WARN_SUSPICIOUS_MOVE = YES;
				CLANG_WARN_UNGUARDED_AVAILABILITY = YES_AGGRESSIVE;
				CLANG_WARN_UNREACHABLE_CODE = YES;
				CLANG_WARN__DUPLICATE_METHOD_MATCH = YES;
				COPY_PHASE_STRIP = NO;
				DEBUG_INFORMATION_FORMAT = "dwarf-with-dsym";
				ENABLE_NS_ASSERTIONS = NO;
				ENABLE_STRICT_OBJC_MSGSEND = YES;
				GCC_C_LANGUAGE_STANDARD = gnu11;
				GCC_NO_COMMON_BLOCKS = YES;
				GCC_WARN_64_TO_32_BIT_CONVERSION = YES;
				GCC_WARN_ABOUT_RETURN_TYPE = YES_ERROR;
				GCC_WARN_UNDECLARED_SELECTOR = YES;
				GCC_WARN_UNINITIALIZED_AUTOS = YES_AGGRESSIVE;
				GCC_WARN_UNUSED_FUNCTION = YES;
				GCC_WARN_UNUSED_VARIABLE = YES;
				IPHONEOS_DEPLOYMENT_TARGET = 16.4;
				MTL_ENABLE_DEBUG_INFO = NO;
				MTL_FAST_MATH = YES;
				SDKROOT = iphoneos;
				SWIFT_COMPILATION_MODE = wholemodule;
				SWIFT_OPTIMIZATION_LEVEL = "-O";
				VALIDATE_PRODUCT = YES;
			};
			name = Release;
		};
		329885AC2AA1BB3D008E6001 /* Debug */ = {
			isa = XCBuildConfiguration;
			buildSettings = {
				ASSETCATALOG_COMPILER_APPICON_NAME = AppIcon;
				ASSETCATALOG_COMPILER_GLOBAL_ACCENT_COLOR_NAME = AccentColor;
				CODE_SIGN_STYLE = Automatic;
				CURRENT_PROJECT_VERSION = 1;
				DEVELOPMENT_TEAM = HDFLLXK789;
				GENERATE_INFOPLIST_FILE = YES;
				INFOPLIST_FILE = KISMTSApp/Info.plist;
				INFOPLIST_KEY_UIApplicationSupportsIndirectInputEvents = YES;
				INFOPLIST_KEY_UILaunchStoryboardName = LaunchScreen;
				INFOPLIST_KEY_UIMainStoryboardFile = "";
				INFOPLIST_KEY_UISupportedInterfaceOrientations_iPad = "UIInterfaceOrientationPortrait UIInterfaceOrientationPortraitUpsideDown UIInterfaceOrientationLandscapeLeft UIInterfaceOrientationLandscapeRight";
				INFOPLIST_KEY_UISupportedInterfaceOrientations_iPhone = "UIInterfaceOrientationPortrait UIInterfaceOrientationLandscapeLeft UIInterfaceOrientationLandscapeRight";
				LD_RUNPATH_SEARCH_PATHS = (
					"$(inherited)",
					"@executable_path/Frameworks",
				);
				MARKETING_VERSION = 1.0;
				PRODUCT_BUNDLE_IDENTIFIER = com.ycompany.KISMTSApp;
				PRODUCT_NAME = "$(TARGET_NAME)";
				SWIFT_EMIT_LOC_STRINGS = YES;
				SWIFT_VERSION = 5.0;
				TARGETED_DEVICE_FAMILY = "1,2";
			};
			name = Debug;
		};
		329885AD2AA1BB3D008E6001 /* Release */ = {
			isa = XCBuildConfiguration;
			buildSettings = {
				ASSETCATALOG_COMPILER_APPICON_NAME = AppIcon;
				ASSETCATALOG_COMPILER_GLOBAL_ACCENT_COLOR_NAME = AccentColor;
				CODE_SIGN_STYLE = Automatic;
				CURRENT_PROJECT_VERSION = 1;
				DEVELOPMENT_TEAM = HDFLLXK789;
				GENERATE_INFOPLIST_FILE = YES;
				INFOPLIST_FILE = KISMTSApp/Info.plist;
				INFOPLIST_KEY_UIApplicationSupportsIndirectInputEvents = YES;
				INFOPLIST_KEY_UILaunchStoryboardName = LaunchScreen;
				INFOPLIST_KEY_UIMainStoryboardFile = "";
				INFOPLIST_KEY_UISupportedInterfaceOrientations_iPad = "UIInterfaceOrientationPortrait UIInterfaceOrientationPortraitUpsideDown UIInterfaceOrientationLandscapeLeft UIInterfaceOrientationLandscapeRight";
				INFOPLIST_KEY_UISupportedInterfaceOrientations_iPhone = "UIInterfaceOrientationPortrait UIInterfaceOrientationLandscapeLeft UIInterfaceOrientationLandscapeRight";
				LD_RUNPATH_SEARCH_PATHS = (
					"$(inherited)",
					"@executable_path/Frameworks",
				);
				MARKETING_VERSION = 1.0;
				PRODUCT_BUNDLE_IDENTIFIER = com.ycompany.KISMTSApp;
				PRODUCT_NAME = "$(TARGET_NAME)";
				SWIFT_EMIT_LOC_STRINGS = YES;
				SWIFT_VERSION = 5.0;
				TARGETED_DEVICE_FAMILY = "1,2";
			};
			name = Release;
		};
/* End XCBuildConfiguration section */

/* Begin XCConfigurationList section */
		329885922AA1BB3C008E6001 /* Build configuration list for PBXProject "KISMTSApp" */ = {
			isa = XCConfigurationList;
			buildConfigurations = (
				329885A92AA1BB3D008E6001 /* Debug */,
				329885AA2AA1BB3D008E6001 /* Release */,
			);
			defaultConfigurationIsVisible = 0;
			defaultConfigurationName = Release;
		};
		329885AB2AA1BB3D008E6001 /* Build configuration list for PBXNativeTarget "KISMTSApp" */ = {
			isa = XCConfigurationList;
			buildConfigurations = (
				329885AC2AA1BB3D008E6001 /* Debug */,
				329885AD2AA1BB3D008E6001 /* Release */,
			);
			defaultConfigurationIsVisible = 0;
			defaultConfigurationName = Release;
		};
/* End XCConfigurationList section */

/* Begin XCRemoteSwiftPackageReference section */
		3247DAAF2AAED56800D181B4 /* XCRemoteSwiftPackageReference "SnapKit" */ = {
			isa = XCRemoteSwiftPackageReference;
			repositoryURL = "https://github.com/SnapKit/SnapKit.git";
			requirement = {
				kind = upToNextMajorVersion;
				minimumVersion = 5.0.0;
			};
		};
/* End XCRemoteSwiftPackageReference section */

/* Begin XCSwiftPackageProductDependency section */
		3247DAB02AAED56800D181B4 /* SnapKit */ = {
			isa = XCSwiftPackageProductDependency;
			package = 3247DAAF2AAED56800D181B4 /* XCRemoteSwiftPackageReference "SnapKit" */;
			productName = SnapKit;
		};
/* End XCSwiftPackageProductDependency section */
	};
	rootObject = 3298858F2AA1BB3C008E6001 /* Project object */;
}
